
Microsoft Visual Studio Solution File, Format Version 12.00
# Visual Studio Version 17
VisualStudioVersion = 17.11.35327.3
MinimumVisualStudioVersion = 10.0.40219.1
Project("{FAE04EC0-301F-11D3-BF4B-00C04F79EFBC}") = "RegistroEstudiantes", "RegistroEstudiantes\RegistroEstudiantes.csproj", "{F3962C0B-5ADE-460B-A904-DFFF15CB80FD}"
EndProject
Project("{FAE04EC0-301F-11D3-BF4B-00C04F79EFBC}") = "Data", "Data\Data.csproj", "{03A6B7D4-D333-490D-A3FB-BD96002D917B}"
EndProject
Project("{FAE04EC0-301F-11D3-BF4B-00C04F79EFBC}") = "Logica", "Logica\Logica.csproj", "{F5481934-ACF8-4D14-91F6-E018D1311A4B}"
EndProject
Global
	GlobalSection(SolutionConfigurationPlatforms) = preSolution
		Debug|Any CPU = Debug|Any CPU
		Release|Any CPU = Release|Any CPU
	EndGlobalSection
	GlobalSection(ProjectConfigurationPlatforms) = postSolution
		{F3962C0B-5ADE-460B-A904-DFFF15CB80FD}.Debug|Any CPU.ActiveCfg = Debug|Any CPU
		{F3962C0B-5ADE-460B-A904-DFFF15CB80FD}.Debug|Any CPU.Build.0 = Debug|Any CPU
		{F3962C0B-5ADE-460B-A904-DFFF15CB80FD}.Release|Any CPU.ActiveCfg = Release|Any CPU
		{F3962C0B-5ADE-460B-A904-DFFF15CB80FD}.Release|Any CPU.Build.0 = Release|Any CPU
		{03A6B7D4-D333-490D-A3FB-BD96002D917B}.Debug|Any CPU.ActiveCfg = Debug|Any CPU
		{03A6B7D4-D333-490D-A3FB-BD96002D917B}.Debug|Any CPU.Build.0 = Debug|Any CPU
		{03A6B7D4-D333-490D-A3FB-BD96002D917B}.Release|Any CPU.ActiveCfg = Release|Any CPU
		{03A6B7D4-D333-490D-A3FB-BD96002D917B}.Release|Any CPU.Build.0 = Release|Any CPU
		{F5481934-ACF8-4D14-91F6-E018D1311A4B}.Debug|Any CPU.ActiveCfg = Debug|Any CPU
		{F5481934-ACF8-4D14-91F6-E018D1311A4B}.Debug|Any CPU.Build.0 = Debug|Any CPU
		{F5481934-ACF8-4D14-91F6-E018D1311A4B}.Release|Any CPU.ActiveCfg = Release|Any CPU
		{F5481934-ACF8-4D14-91F6-E018D1311A4B}.Release|Any CPU.Build.0 = Release|Any CPU
	EndGlobalSection
	GlobalSection(SolutionProperties) = preSolution
		HideSolutionNode = FALSE
	EndGlobalSection
	GlobalSection(ExtensibilityGlobals) = postSolution
		SolutionGuid = {6902F842-FABD-403A-8176-6C977C2D10A3}
	EndGlobalSection
EndGlobal
